
Microsoft Visual Studio Solution File, Format Version 12.00
# Visual Studio Version 17
VisualStudioVersion = 17.3.32901.215
MinimumVisualStudioVersion = 10.0.40219.1
Project("{FAE04EC0-301F-11D3-BF4B-00C04F79EFBC}") = "StudentManagement", "StudentManagement\StudentManagement.csproj", "{58FE808A-CC1F-4FB0-81F8-AA7A6818487E}"
EndProject
Global
	GlobalSection(SolutionConfigurationPlatforms) = preSolution
		Debug|Any CPU = Debug|Any CPU
		Release|Any CPU = Release|Any CPU
	EndGlobalSection
	GlobalSection(ProjectConfigurationPlatforms) = postSolution
		{58FE808A-CC1F-4FB0-81F8-AA7A6818487E}.Debug|Any CPU.ActiveCfg = Debug|Any CPU
		{58FE808A-CC1F-4FB0-81F8-AA7A6818487E}.Debug|Any CPU.Build.0 = Debug|Any CPU
		{58FE808A-CC1F-4FB0-81F8-AA7A6818487E}.Release|Any CPU.ActiveCfg = Release|Any CPU
		{58FE808A-CC1F-4FB0-81F8-AA7A6818487E}.Release|Any CPU.Build.0 = Release|Any CPU
	EndGlobalSection
	GlobalSection(SolutionProperties) = preSolution
		HideSolutionNode = FALSE
	EndGlobalSection
	GlobalSection(ExtensibilityGlobals) = postSolution
		SolutionGuid = {EFE4ACC7-E099-4930-9A53-464201B50D38}
	EndGlobalSection
EndGlobal
